
Microsoft Visual Studio Solution File, Format Version 12.00
# Visual Studio Version 17
VisualStudioVersion = 17.3.32929.385
MinimumVisualStudioVersion = 10.0.40219.1
Project("{FAE04EC0-301F-11D3-BF4B-00C04F79EFBC}") = "TestCRUD_App", "TestCRUD_App.csproj", "{AFA8F2D7-CFB3-402C-82FD-8B354F6BC6D9}"
EndProject
Global
	GlobalSection(SolutionConfigurationPlatforms) = preSolution
		Debug|Any CPU = Debug|Any CPU
		Release|Any CPU = Release|Any CPU
	EndGlobalSection
	GlobalSection(ProjectConfigurationPlatforms) = postSolution
		{AFA8F2D7-CFB3-402C-82FD-8B354F6BC6D9}.Debug|Any CPU.ActiveCfg = Debug|Any CPU
		{AFA8F2D7-CFB3-402C-82FD-8B354F6BC6D9}.Debug|Any CPU.Build.0 = Debug|Any CPU
		{AFA8F2D7-CFB3-402C-82FD-8B354F6BC6D9}.Release|Any CPU.ActiveCfg = Release|Any CPU
		{AFA8F2D7-CFB3-402C-82FD-8B354F6BC6D9}.Release|Any CPU.Build.0 = Release|Any CPU
	EndGlobalSection
	GlobalSection(SolutionProperties) = preSolution
		HideSolutionNode = FALSE
	EndGlobalSection
	GlobalSection(ExtensibilityGlobals) = postSolution
		SolutionGuid = {D5103207-D526-477C-B912-08B0DB3B025A}
	EndGlobalSection
EndGlobal
